
Microsoft Visual Studio Solution File, Format Version 12.00
# Visual Studio 15
VisualStudioVersion = 15.0.28010.2041
MinimumVisualStudioVersion = 10.0.40219.1
Project("{FAE04EC0-301F-11D3-BF4B-00C04F79EFBC}") = "PenAndPepper", "PenAndPepper\PenAndPepper.csproj", "{1B856F86-8406-4DAE-9C7D-E7E36F1405EC}"
EndProject
Global
	GlobalSection(SolutionConfigurationPlatforms) = preSolution
		Debug|Any CPU = Debug|Any CPU
		Release|Any CPU = Release|Any CPU
	EndGlobalSection
	GlobalSection(ProjectConfigurationPlatforms) = postSolution
		{1B856F86-8406-4DAE-9C7D-E7E36F1405EC}.Debug|Any CPU.ActiveCfg = Debug|Any CPU
		{1B856F86-8406-4DAE-9C7D-E7E36F1405EC}.Debug|Any CPU.Build.0 = Debug|Any CPU
		{1B856F86-8406-4DAE-9C7D-E7E36F1405EC}.Release|Any CPU.ActiveCfg = Release|Any CPU
		{1B856F86-8406-4DAE-9C7D-E7E36F1405EC}.Release|Any CPU.Build.0 = Release|Any CPU
	EndGlobalSection
	GlobalSection(SolutionProperties) = preSolution
		HideSolutionNode = FALSE
	EndGlobalSection
	GlobalSection(ExtensibilityGlobals) = postSolution
		SolutionGuid = {1FD9E33C-4989-47A0-9551-4ED294CEDDC6}
	EndGlobalSection
EndGlobal
